
Microsoft Visual Studio Solution File, Format Version 12.00
# Visual Studio Version 17
VisualStudioVersion = 17.14.36518.9 d17.14
MinimumVisualStudioVersion = 10.0.40219.1
Project("{FAE04EC0-301F-11D3-BF4B-00C04F79EFBC}") = "SuperFlightCheats", "SuperFlightCheats.csproj", "{0453F87A-767A-41BF-BEE1-2ADA7FD52CD3}"
EndProject
Global
	GlobalSection(SolutionConfigurationPlatforms) = preSolution
		Debug|Any CPU = Debug|Any CPU
		Release|Any CPU = Release|Any CPU
	EndGlobalSection
	GlobalSection(ProjectConfigurationPlatforms) = postSolution
		{0453F87A-767A-41BF-BEE1-2ADA7FD52CD3}.Debug|Any CPU.ActiveCfg = Debug|Any CPU
		{0453F87A-767A-41BF-BEE1-2ADA7FD52CD3}.Debug|Any CPU.Build.0 = Debug|Any CPU
		{0453F87A-767A-41BF-BEE1-2ADA7FD52CD3}.Release|Any CPU.ActiveCfg = Release|Any CPU
		{0453F87A-767A-41BF-BEE1-2ADA7FD52CD3}.Release|Any CPU.Build.0 = Release|Any CPU
	EndGlobalSection
	GlobalSection(SolutionProperties) = preSolution
		HideSolutionNode = FALSE
	EndGlobalSection
	GlobalSection(ExtensibilityGlobals) = postSolution
		SolutionGuid = {B68EB833-B314-4257-8736-DA12FCA24AA6}
	EndGlobalSection
EndGlobal
